
Microsoft Visual Studio Solution File, Format Version 12.00
# Visual Studio Version 17
VisualStudioVersion = 17.7.34031.279
MinimumVisualStudioVersion = 10.0.40219.1
Project("{FAE04EC0-301F-11D3-BF4B-00C04F79EFBC}") = "powtórzeniowy", "powtórzeniowy\powtórzeniowy.csproj", "{39F2969A-083F-46A8-AC81-29B068172C60}"
EndProject
Global
	GlobalSection(SolutionConfigurationPlatforms) = preSolution
		Debug|Any CPU = Debug|Any CPU
		Release|Any CPU = Release|Any CPU
	EndGlobalSection
	GlobalSection(ProjectConfigurationPlatforms) = postSolution
		{39F2969A-083F-46A8-AC81-29B068172C60}.Debug|Any CPU.ActiveCfg = Debug|Any CPU
		{39F2969A-083F-46A8-AC81-29B068172C60}.Debug|Any CPU.Build.0 = Debug|Any CPU
		{39F2969A-083F-46A8-AC81-29B068172C60}.Release|Any CPU.ActiveCfg = Release|Any CPU
		{39F2969A-083F-46A8-AC81-29B068172C60}.Release|Any CPU.Build.0 = Release|Any CPU
	EndGlobalSection
	GlobalSection(SolutionProperties) = preSolution
		HideSolutionNode = FALSE
	EndGlobalSection
	GlobalSection(ExtensibilityGlobals) = postSolution
		SolutionGuid = {E0B3592D-A1EF-46A3-A72C-097232CC9B31}
	EndGlobalSection
EndGlobal
